
Microsoft Visual Studio Solution File, Format Version 12.00
# Visual Studio Version 17
VisualStudioVersion = 17.7.34202.233
MinimumVisualStudioVersion = 10.0.40219.1
Project("{FAE04EC0-301F-11D3-BF4B-00C04F79EFBC}") = "ModificacionExcvel", "ModificacionExcvel\ModificacionExcvel.csproj", "{C7E9EA71-2BF2-4947-947E-7970F5133AA8}"
EndProject
Global
	GlobalSection(SolutionConfigurationPlatforms) = preSolution
		Debug|Any CPU = Debug|Any CPU
		Release|Any CPU = Release|Any CPU
	EndGlobalSection
	GlobalSection(ProjectConfigurationPlatforms) = postSolution
		{C7E9EA71-2BF2-4947-947E-7970F5133AA8}.Debug|Any CPU.ActiveCfg = Debug|Any CPU
		{C7E9EA71-2BF2-4947-947E-7970F5133AA8}.Debug|Any CPU.Build.0 = Debug|Any CPU
		{C7E9EA71-2BF2-4947-947E-7970F5133AA8}.Release|Any CPU.ActiveCfg = Release|Any CPU
		{C7E9EA71-2BF2-4947-947E-7970F5133AA8}.Release|Any CPU.Build.0 = Release|Any CPU
	EndGlobalSection
	GlobalSection(SolutionProperties) = preSolution
		HideSolutionNode = FALSE
	EndGlobalSection
	GlobalSection(ExtensibilityGlobals) = postSolution
		SolutionGuid = {E47FCE82-7A4A-491A-A3A8-E2C826AD5CBC}
	EndGlobalSection
EndGlobal
